
Microsoft Visual Studio Solution File, Format Version 12.00
# Visual Studio Version 17
VisualStudioVersion = 17.9.34728.123
MinimumVisualStudioVersion = 10.0.40219.1
Project("{FAE04EC0-301F-11D3-BF4B-00C04F79EFBC}") = "SecurityTestingAPI", "SecurityTestingAPI\SecurityTestingAPI.csproj", "{A59011E9-E40D-46D8-889C-D2F892B8974B}"
EndProject
Global
	GlobalSection(SolutionConfigurationPlatforms) = preSolution
		Debug|Any CPU = Debug|Any CPU
		Release|Any CPU = Release|Any CPU
	EndGlobalSection
	GlobalSection(ProjectConfigurationPlatforms) = postSolution
		{A59011E9-E40D-46D8-889C-D2F892B8974B}.Debug|Any CPU.ActiveCfg = Debug|Any CPU
		{A59011E9-E40D-46D8-889C-D2F892B8974B}.Debug|Any CPU.Build.0 = Debug|Any CPU
		{A59011E9-E40D-46D8-889C-D2F892B8974B}.Release|Any CPU.ActiveCfg = Release|Any CPU
		{A59011E9-E40D-46D8-889C-D2F892B8974B}.Release|Any CPU.Build.0 = Release|Any CPU
	EndGlobalSection
	GlobalSection(SolutionProperties) = preSolution
		HideSolutionNode = FALSE
	EndGlobalSection
	GlobalSection(ExtensibilityGlobals) = postSolution
		SolutionGuid = {2F44E46B-9418-4CC5-A082-0DF405642DE0}
	EndGlobalSection
EndGlobal
